{
    "_readme": [
        "This file locks the dependencies of your project to a known state",
        "Read more about it at https://getcomposer.org/doc/01-basic-usage.md#composer-lock-the-lock-file",
        "This file is @generated automatically"
    ],
    "content-hash": "ec17ca33b8f031fa1a8c40bd478a6f8b",
    "packages": [
        {
            "name": "naux/iplocation",
            "version": "dev-master",
            "source": {
                "type": "git",
                "url": "https://github.com/NauxLiu/IpLocation.git",
                "reference": "637d1df00fe6edaf8bd636190986a20d6f381ac0"
            },
            "dist": {
                "type": "zip",
                "url": "https://files.phpcomposer.com/files/NauxLiu/IpLocation/637d1df00fe6edaf8bd636190986a20d6f381ac0.zip",
                "reference": "637d1df00fe6edaf8bd636190986a20d6f381ac0",
                "shasum": ""
            },
            "type": "library",
            "autoload": {
                "psr-4": {
                    "Naux\\IpLocation\\": ""
                }
            },
            "notification-url": "https://packagist.org/downloads/",
            "license": [
                "MIT"
            ],
            "authors": [
                {
                    "name": "NauxLiu",
                    "email": "xuancoder@gmail.com",
                    "homepage": "http://naux.me"
                },
                {
                    "name": "joyphper",
                    "homepage": "http://joyphper.net"
                }
            ],
            "description": "基于纯真IP库的,查询IP归属地PHP库",
            "time": "2014-11-21T16:14:45+00:00"
        }
    ],
    "packages-dev": [],
    "aliases": [],
    "minimum-stability": "dev",
    "stability-flags": {
        "naux/iplocation": 20
    },
    "prefer-stable": false,
    "prefer-lowest": false,
    "platform": {
        "php": ">=5.3.0"
    },
    "platform-dev": []
}
